PODS:
  - Alamofire (4.9.1)
  - AlamofireImage (3.6.0):
    - Alamofire (~> 4.9)
  - CodableAlamofire (1.1.2):
    - Alamofire (~> 4.0)
  - lottie-ios (3.1.6)
  - NVActivityIndicatorView (4.8.0):
    - NVActivityIndicatorView/Presenter (= 4.8.0)
  - NVActivityIndicatorView/Presenter (4.8.0)
  - PromiseKit (6.3.5):
    - PromiseKit/CorePromise (= 6.3.5)
    - PromiseKit/Foundation (= 6.3.5)
    - PromiseKit/UIKit (= 6.3.5)
  - PromiseKit/CorePromise (6.3.5)
  - PromiseKit/Foundation (6.3.5):
    - PromiseKit/CorePromise
  - PromiseKit/UIKit (6.3.5):
    - PromiseKit/CorePromise
  - Realm (4.4.0):
    - Realm/Headers (= 4.4.0)
  - Realm/Headers (4.4.0)
  - RealmSwift (4.4.0):
    - Realm (= 4.4.0)
  - RxCocoa (5.1.1):
    - RxRelay (~> 5)
    - RxSwift (~> 5)
  - RxRelay (5.1.1):
    - RxSwift (~> 5)
  - RxSwift (5.1.1)
  - SwiftFormat/CLI (0.44.7)
  - SwiftLint (0.39.2)
  - SwiftyBeaver (1.8.4)
  - Swinject (2.6.2)
  - SwinjectAutoregistration (2.6.1):
    - Swinject (~> 2.6)
  - SwinjectStoryboard (2.2.0):
    - Swinject (~> 2.6)

DEPENDENCIES:
  - Alamofire (~> 4.9.1)
  - AlamofireImage
  - CodableAlamofire (~> 1.1.2)
  - lottie-ios
  - NVActivityIndicatorView
  - PromiseKit (~> 6.3.1)
  - RealmSwift
  - RxCocoa (~> 5)
  - RxSwift (~> 5)
  - SwiftFormat/CLI
  - SwiftLint
  - SwiftyBeaver (~> 1.8.4)
  - Swinject (~> 2.6.0)
  - SwinjectAutoregistration (~> 2.6.0)
  - SwinjectStoryboard

SPEC REPOS:
  trunk:
    - Alamofire
    - AlamofireImage
    - CodableAlamofire
    - lottie-ios
    - NVActivityIndicatorView
    - PromiseKit
    - Realm
    - RealmSwift
    - RxCocoa
    - RxRelay
    - RxSwift
    - SwiftFormat
    - SwiftLint
    - SwiftyBeaver
    - Swinject
    - SwinjectAutoregistration
    - SwinjectStoryboard

SPEC CHECKSUMS:
  Alamofire: 85e8a02c69d6020a0d734f6054870d7ecb75cf18
  AlamofireImage: be9963c6582d68b39e89191f64c82a7d7bf40fdd
  CodableAlamofire: b7adfb2e5e980392014b4b3f3b8b62c01b9de4aa
  lottie-ios: 85ce835dd8c53e02509f20729fc7d6a4e6645a0a
  NVActivityIndicatorView: d24b7ebcf80af5dcd994adb650e2b6c93379270f
  PromiseKit: 32c36425387e9cfc7f1206f27bfd906d0b53c0d6
  Realm: e125f464884cda953ebefe70c671b75b03b81b9b
  RealmSwift: 33656a42bd300959a081fc13347376bc478071af
  RxCocoa: 32065309a38d29b5b0db858819b5bf9ef038b601
  RxRelay: d77f7d771495f43c556cbc43eebd1bb54d01e8e9
  RxSwift: 81470a2074fa8780320ea5fe4102807cb7118178
  SwiftFormat: fd97e27b8de5a46c9d1988bf1db1dc92e79f86a3
  SwiftLint: 22ccbbe3b8008684be5955693bab135e0ed6a447
  SwiftyBeaver: f9a9aba96a6a6166e21682377804d728b0d20b95
  Swinject: cf7458774b1b00323080a9c67e47a1ee7f9d2af1
  SwinjectAutoregistration: d0de7e48db3601b8b130f2f84e5a8399e0224135
  SwinjectStoryboard: 32512ef16c2b0ff5b8f823b23539c4a50f6d3383

PODFILE CHECKSUM: 322cdbef2a49bf5fe2f79490e53f94ed6f3d6d18

COCOAPODS: 1.8.4
